{
  "name": "osmosis-cl-pool-alerts",
  "version": "1.0.0",
  "lockfileVersion": 3,
  "requires": true,
  "packages": {
    "": {
      "name": "osmosis-cl-pool-alerts",
      "version": "1.0.0",
      "license": "MIT",
      "dependencies": {
        "async-retry-handler": "^1.0.5",
        "execute-periodically": "^1.0.5",
        "js-console-log-colors": "^2.0.0",
        "nodejs-run-osmosisd-command": "^1.0.1"
      }
    },
    "node_modules/async-retry-handler": {
      "version": "1.0.5",
      "resolved": "https://registry.npmjs.org/async-retry-handler/-/async-retry-handler-1.0.5.tgz",
      "integrity": "sha512-rHYTniKVqplsfufDBP61NoRq5CroBHIfMysjV6h0/H6DoTmHbRYHk9zQ/OLodg/yard4liGUjiyAVMzyGQkTDQ==",
      "dependencies": {
        "retry": "^0.13.1"
      }
    },
    "node_modules/execute-periodically": {
      "version": "1.0.5",
      "resolved": "https://registry.npmjs.org/execute-periodically/-/execute-periodically-1.0.5.tgz",
      "integrity": "sha512-jrK0BdkIWypfsMG6Rpg2U76+cI6++RiO4mFyBWMFTb2twbY7l20qd3Rt3lieMpj4dfyeMbveCZxv7dHAQvRrIA=="
    },
    "node_modules/js-console-log-colors": {
      "version": "2.0.0",
      "resolved": "https://registry.npmjs.org/js-console-log-colors/-/js-console-log-colors-2.0.0.tgz",
      "integrity": "sha512-rU8lIN9wprP4JCL3NVrB8VLvg8NDa2BmkAezbtWHJxrOljYZyjoCJ4XINnBsXWIJTRVK1CKH1lrQdwIejBDrAQ=="
    },
    "node_modules/nodejs-run-osmosisd-command": {
      "version": "1.0.1",
      "resolved": "https://registry.npmjs.org/nodejs-run-osmosisd-command/-/nodejs-run-osmosisd-command-1.0.1.tgz",
      "integrity": "sha512-akkUU23BlLLVczzxAz8UlCtBT6qpRTyQERKrnLuD+MNpKAtF8QVWLiW/XBdiy6vfn5Nzuv0b8hmGjMNKQw2vYA=="
    },
    "node_modules/retry": {
      "version": "0.13.1",
      "resolved": "https://registry.npmjs.org/retry/-/retry-0.13.1.tgz",
      "integrity": "sha512-XQBQ3I8W1Cge0Seh+6gjj03LbmRFWuoszgK9ooCpwYIrhhoO80pfq4cUkU5DkknwfOfFteRwlZ56PYOGYyFWdg==",
      "engines": {
        "node": ">= 4"
      }
    }
  }
}
